schema: '2.0'
stages:
  load_data:
    cmd: python -m src.data_loading.load_data
    deps:
    - path: src/data_loading/load_data.py
      hash: md5
      md5: c41072fe994c3d17009b4763625185d5
      size: 1484
    outs:
    - path: data/raw/raw.csv
      hash: md5
      md5: 5289d4c07ed45065973c2da933fcf472
      size: 116187
  preprocess_data:
    cmd: python -m src.data_preprocessing.preprocess_data
    deps:
    - path: data/raw/raw.csv
      hash: md5
      md5: 5289d4c07ed45065973c2da933fcf472
      size: 116187
    - path: src/data_preprocessing/preprocess_data.py
      hash: md5
      md5: 727f22f9650a9dfb2b1a217912d46034
      size: 3993
    params:
      params.yaml:
        preprocess_data.random_seed: 42
        preprocess_data.test_size: 0.25
    outs:
    - path: artifacts/[features]_mean_imputer.joblib
      hash: md5
      md5: c42ef8fe3b6a6be3cb7511d63c58c2f0
      size: 1511
    - path: data/preprocessed/test_preprocessed.csv
      hash: md5
      md5: 9dd7b6cb1e8e973a97c3506a51025fd8
      size: 33528
    - path: data/preprocessed/train_preprocessed.csv
      hash: md5
      md5: 78fc897841169799fe94544a689229d1
      size: 98772
  engineer_features:
    cmd: python -m src.feature_engineering.engineer_features
    deps:
    - path: data/preprocessed/test_preprocessed.csv
      hash: md5
      md5: 9dd7b6cb1e8e973a97c3506a51025fd8
      size: 33528
    - path: data/preprocessed/train_preprocessed.csv
      hash: md5
      md5: 78fc897841169799fe94544a689229d1
      size: 98772
    - path: src/feature_engineering/engineer_features.py
      hash: md5
      md5: f8446b81a185b5c5d4b06fd60a3b9b9f
      size: 3052
    outs:
    - path: artifacts/[features]_scaler.joblib
      hash: md5
      md5: 1ca47a8530ebbdf552b39dff6f9caeeb
      size: 2135
    - path: data/processed/test_processed.csv
      hash: md5
      md5: 099756fed047bd13ba7506268791df5c
      size: 85183
    - path: data/processed/train_processed.csv
      hash: md5
      md5: 495f0799e67b04849706527b3b94fa19
      size: 252991
  train:
    cmd: python -m src.model_training.train_model
    deps:
    - path: data/processed/train_processed.csv
      hash: md5
      md5: 495f0799e67b04849706527b3b94fa19
      size: 252991
    - path: src/model_training/train_model.py
      hash: md5
      md5: 16882d4d228f2794f649f09e0a9c36fc
      size: 5302
    params:
      params.yaml:
        train.batch_size: 32
        train.dropout_rate: 0.3
        train.epochs: 100
        train.hidden_layer_1_neurons: 64
        train.hidden_layer_2_neurons: 32
        train.learning_rate: 0.001
    outs:
    - path: artifacts/[target]_one_hot_encoder.joblib
      hash: md5
      md5: 9c68e41a114fdb0985121e8d89f055bc
      size: 617
    - path: metrics/training.json
      hash: md5
      md5: 51de6e937a71d293a883c3518754b263
      size: 141
    - path: models/model.keras
      hash: md5
      md5: d680b866ea0252c73aa2f30b897ed21f
      size: 79417
  evaluate:
    cmd: python -m src.model_evaluation.evaluate_model
    deps:
    - path: artifacts/[target]_one_hot_encoder.joblib
      hash: md5
      md5: 9c68e41a114fdb0985121e8d89f055bc
      size: 617
    - path: data/processed/test_processed.csv
      hash: md5
      md5: 099756fed047bd13ba7506268791df5c
      size: 85183
    - path: models/model.keras
      hash: md5
      md5: d680b866ea0252c73aa2f30b897ed21f
      size: 79417
    - path: src/model_evaluation/evaluate_model.py
      hash: md5
      md5: 1300021eeca5193c758efb74cfff4814
      size: 2514
    outs:
    - path: metrics/evaluation.json
      hash: md5
      md5: 8aaf4922798103f3a4ba5639290d9788
      size: 791
