schema: '2.0'
stages:
  load_data:
    cmd: python -m src.data_loading.load_data
    deps:
    - path: src/data_loading/load_data.py
      hash: md5
      md5: c41072fe994c3d17009b4763625185d5
      size: 1484
    outs:
    - path: data/raw/raw.csv
      hash: md5
      md5: ca3e1a44362709c1356dcf6e064557be
      size: 116187
  preprocess_data:
    cmd: python -m src.data_preprocessing.preprocess_data
    deps:
    - path: data/raw/raw.csv
      hash: md5
      md5: ca3e1a44362709c1356dcf6e064557be
      size: 116187
    - path: src/data_preprocessing/preprocess_data.py
      hash: md5
      md5: 727f22f9650a9dfb2b1a217912d46034
      size: 3993
    params:
      params.yaml:
        preprocess_data.random_seed: 42
        preprocess_data.test_size: 0.25
    outs:
    - path: artifacts/[features]_mean_imputer.joblib
      hash: md5
      md5: 397cd6d57fbf1e32dfa5eb539177e3fc
      size: 1511
    - path: data/preprocessed/test_preprocessed.csv
      hash: md5
      md5: 35401d76024a86e10d263b8359d462f8
      size: 33454
    - path: data/preprocessed/train_preprocessed.csv
      hash: md5
      md5: ef81ffdcae7a020c8aac577d6f85d1b8
      size: 99068
  engineer_features:
    cmd: python -m src.feature_engineering.engineer_features
    deps:
    - path: data/preprocessed/test_preprocessed.csv
      hash: md5
      md5: 35401d76024a86e10d263b8359d462f8
      size: 33454
    - path: data/preprocessed/train_preprocessed.csv
      hash: md5
      md5: ef81ffdcae7a020c8aac577d6f85d1b8
      size: 99068
    - path: src/feature_engineering/engineer_features.py
      hash: md5
      md5: f8446b81a185b5c5d4b06fd60a3b9b9f
      size: 3052
    outs:
    - path: artifacts/[features]_scaler.joblib
      hash: md5
      md5: cbf6200deb47a8b7155b73dde816d435
      size: 2135
    - path: data/processed/test_processed.csv
      hash: md5
      md5: 121de3ad3ebe4bd14a7b05923aa7d6e2
      size: 85133
    - path: data/processed/train_processed.csv
      hash: md5
      md5: 9cca32524ea03d12e2ad05b293b00f70
      size: 252057
  train:
    cmd: python -m src.model_training.train_model
    deps:
    - path: data/processed/train_processed.csv
      hash: md5
      md5: 9cca32524ea03d12e2ad05b293b00f70
      size: 252057
    - path: src/model_training/train_model.py
      hash: md5
      md5: ff14b674803d9ead6bbac8f84890b977
      size: 6033
    params:
      params.yaml:
        train.batch_size: 32
        train.dropout_rate: 0.3
        train.epochs: 100
        train.hidden_layer_1_neurons: 64
        train.hidden_layer_2_neurons: 32
        train.learning_rate: 0.001
    outs:
    - path: artifacts/[target]_one_hot_encoder.joblib
      hash: md5
      md5: 9c68e41a114fdb0985121e8d89f055bc
      size: 617
    - path: metrics/training.json
      hash: md5
      md5: faa8f33f583937b7a6c45a824845cb6d
      size: 140
    - path: models/model.keras
      hash: md5
      md5: c81811b2e67fbc1022e984d20d916392
      size: 79417
  evaluate:
    cmd: python -m src.model_evaluation.evaluate_model
    deps:
    - path: artifacts/[target]_one_hot_encoder.joblib
      hash: md5
      md5: 9c68e41a114fdb0985121e8d89f055bc
      size: 617
    - path: data/processed/test_processed.csv
      hash: md5
      md5: 121de3ad3ebe4bd14a7b05923aa7d6e2
      size: 85133
    - path: models/model.keras
      hash: md5
      md5: c81811b2e67fbc1022e984d20d916392
      size: 79417
    - path: src/model_evaluation/evaluate_model.py
      hash: md5
      md5: d7cf169519d94b80b9aa1b518c8ca13c
      size: 3244
    outs:
    - path: metrics/evaluation.json
      hash: md5
      md5: cfd547784f1357716e1ec51d2db3d4fc
      size: 734
